
Microsoft Visual Studio Solution File, Format Version 12.00
# Visual Studio Version 17
VisualStudioVersion = 17.9.34723.18
MinimumVisualStudioVersion = 10.0.40219.1
Project("{FAE04EC0-301F-11D3-BF4B-00C04F79EFBC}") = "DSSProject", "DSSProject\DSSProject.csproj", "{35701A6B-0691-47B2-A673-8CAC6A3D781C}"
EndProject
Project("{FAE04EC0-301F-11D3-BF4B-00C04F79EFBC}") = "Domain", "Domain\Domain.csproj", "{AAC3FC08-908A-4268-9DFB-A94BDCD3A481}"
EndProject
Project("{FAE04EC0-301F-11D3-BF4B-00C04F79EFBC}") = "Application", "Application\Application.csproj", "{D521DBD5-567A-4E54-BE36-C1C0CF85434A}"
EndProject
Project("{FAE04EC0-301F-11D3-BF4B-00C04F79EFBC}") = "Infrastructure", "Infrastructure\Infrastructure.csproj", "{E23DB488-1F1F-4067-91A9-6AC6C369BA02}"
EndProject
Global
	GlobalSection(SolutionConfigurationPlatforms) = preSolution
		Debug|Any CPU = Debug|Any CPU
		Release|Any CPU = Release|Any CPU
	EndGlobalSection
	GlobalSection(ProjectConfigurationPlatforms) = postSolution
		{35701A6B-0691-47B2-A673-8CAC6A3D781C}.Debug|Any CPU.ActiveCfg = Debug|Any CPU
		{35701A6B-0691-47B2-A673-8CAC6A3D781C}.Debug|Any CPU.Build.0 = Debug|Any CPU
		{35701A6B-0691-47B2-A673-8CAC6A3D781C}.Release|Any CPU.ActiveCfg = Release|Any CPU
		{35701A6B-0691-47B2-A673-8CAC6A3D781C}.Release|Any CPU.Build.0 = Release|Any CPU
		{AAC3FC08-908A-4268-9DFB-A94BDCD3A481}.Debug|Any CPU.ActiveCfg = Debug|Any CPU
		{AAC3FC08-908A-4268-9DFB-A94BDCD3A481}.Debug|Any CPU.Build.0 = Debug|Any CPU
		{AAC3FC08-908A-4268-9DFB-A94BDCD3A481}.Release|Any CPU.ActiveCfg = Release|Any CPU
		{AAC3FC08-908A-4268-9DFB-A94BDCD3A481}.Release|Any CPU.Build.0 = Release|Any CPU
		{D521DBD5-567A-4E54-BE36-C1C0CF85434A}.Debug|Any CPU.ActiveCfg = Debug|Any CPU
		{D521DBD5-567A-4E54-BE36-C1C0CF85434A}.Debug|Any CPU.Build.0 = Debug|Any CPU
		{D521DBD5-567A-4E54-BE36-C1C0CF85434A}.Release|Any CPU.ActiveCfg = Release|Any CPU
		{D521DBD5-567A-4E54-BE36-C1C0CF85434A}.Release|Any CPU.Build.0 = Release|Any CPU
		{E23DB488-1F1F-4067-91A9-6AC6C369BA02}.Debug|Any CPU.ActiveCfg = Debug|Any CPU
		{E23DB488-1F1F-4067-91A9-6AC6C369BA02}.Debug|Any CPU.Build.0 = Debug|Any CPU
		{E23DB488-1F1F-4067-91A9-6AC6C369BA02}.Release|Any CPU.ActiveCfg = Release|Any CPU
		{E23DB488-1F1F-4067-91A9-6AC6C369BA02}.Release|Any CPU.Build.0 = Release|Any CPU
	EndGlobalSection
	GlobalSection(SolutionProperties) = preSolution
		HideSolutionNode = FALSE
	EndGlobalSection
	GlobalSection(ExtensibilityGlobals) = postSolution
		SolutionGuid = {ABCFB80A-2892-4DD0-8B00-5FD397868E94}
	EndGlobalSection
EndGlobal
